{
  "name": "Test",
  "version": "1.0.0",
  "lockfileVersion": 3,
  "requires": true,
  "author": "",
  "description": "",
  "homepage": "https://github.com/vyshnavirentapalla324-ai/first-demo#readme",
  "keywords": [],
  "license": "ISC",
  "main": "index.js",
  "type": "commonjs",
  "packages": {},
  "bugs": {
    "url": "https://github.com/vyshnavirentapalla324-ai/first-demo/issues"
  },
  "repository": {
    "type": "git",
    "url": "git+https://github.com/vyshnavirentapalla324-ai/first-demo.git"
  },
  "scripts": {
    "test": "echo \"Tests passed\""
  }
}
